
Microsoft Visual Studio Solution File, Format Version 12.00
# Visual Studio Version 16
VisualStudioVersion = 16.0.31005.135
MinimumVisualStudioVersion = 10.0.40219.1
Project("{9A19103F-16F7-4668-BE54-9A1E7A4F7556}") = "Entities", "Entities\Entities.csproj", "{03654CAD-4D38-454D-8A6C-12EC35EAE306}"
EndProject
Project("{9A19103F-16F7-4668-BE54-9A1E7A4F7556}") = "DataAccess", "DataAccess\DataAccess.csproj", "{51E7CF72-F57E-469F-AE87-93EA47A8607E}"
EndProject
Project("{FAE04EC0-301F-11D3-BF4B-00C04F79EFBC}") = "Business", "Business\Business.csproj", "{C75D9536-3B78-46D5-93A3-9D518C87ABE4}"
EndProject
Project("{FAE04EC0-301F-11D3-BF4B-00C04F79EFBC}") = "UIConsole", "UIConsole\UIConsole.csproj", "{B5BFD63A-027F-44E4-ACC8-4BB1753FC4C4}"
EndProject
Global
	GlobalSection(SolutionConfigurationPlatforms) = preSolution
		Debug|Any CPU = Debug|Any CPU
		Release|Any CPU = Release|Any CPU
	EndGlobalSection
	GlobalSection(ProjectConfigurationPlatforms) = postSolution
		{03654CAD-4D38-454D-8A6C-12EC35EAE306}.Debug|Any CPU.ActiveCfg = Debug|Any CPU
		{03654CAD-4D38-454D-8A6C-12EC35EAE306}.Debug|Any CPU.Build.0 = Debug|Any CPU
		{03654CAD-4D38-454D-8A6C-12EC35EAE306}.Release|Any CPU.ActiveCfg = Release|Any CPU
		{03654CAD-4D38-454D-8A6C-12EC35EAE306}.Release|Any CPU.Build.0 = Release|Any CPU
		{51E7CF72-F57E-469F-AE87-93EA47A8607E}.Debug|Any CPU.ActiveCfg = Debug|Any CPU
		{51E7CF72-F57E-469F-AE87-93EA47A8607E}.Debug|Any CPU.Build.0 = Debug|Any CPU
		{51E7CF72-F57E-469F-AE87-93EA47A8607E}.Release|Any CPU.ActiveCfg = Release|Any CPU
		{51E7CF72-F57E-469F-AE87-93EA47A8607E}.Release|Any CPU.Build.0 = Release|Any CPU
		{C75D9536-3B78-46D5-93A3-9D518C87ABE4}.Debug|Any CPU.ActiveCfg = Debug|Any CPU
		{C75D9536-3B78-46D5-93A3-9D518C87ABE4}.Debug|Any CPU.Build.0 = Debug|Any CPU
		{C75D9536-3B78-46D5-93A3-9D518C87ABE4}.Release|Any CPU.ActiveCfg = Release|Any CPU
		{C75D9536-3B78-46D5-93A3-9D518C87ABE4}.Release|Any CPU.Build.0 = Release|Any CPU
		{B5BFD63A-027F-44E4-ACC8-4BB1753FC4C4}.Debug|Any CPU.ActiveCfg = Debug|Any CPU
		{B5BFD63A-027F-44E4-ACC8-4BB1753FC4C4}.Debug|Any CPU.Build.0 = Debug|Any CPU
		{B5BFD63A-027F-44E4-ACC8-4BB1753FC4C4}.Release|Any CPU.ActiveCfg = Release|Any CPU
		{B5BFD63A-027F-44E4-ACC8-4BB1753FC4C4}.Release|Any CPU.Build.0 = Release|Any CPU
	EndGlobalSection
	GlobalSection(SolutionProperties) = preSolution
		HideSolutionNode = FALSE
	EndGlobalSection
	GlobalSection(ExtensibilityGlobals) = postSolution
		SolutionGuid = {14D5DAB3-7E1D-4422-840C-45AF2144134B}
	EndGlobalSection
EndGlobal
